// !$*UTF8*$!
{
	archiveVersion = 1;
	classes = {
	};
	objectVersion = 55;
	objects = {

/* Begin PBXBuildFile section */
		8E38993528746F71006AF6F1 /* AppDelegate.swift in Sources */ = {isa = PBXBuildFile; fileRef = 8E38993428746F71006AF6F1 /* AppDelegate.swift */; };
		8E38993728746F71006AF6F1 /* SceneDelegate.swift in Sources */ = {isa = PBXBuildFile; fileRef = 8E38993628746F71006AF6F1 /* SceneDelegate.swift */; };
		8E38993928746F71006AF6F1 /* ViewController.swift in Sources */ = {isa = PBXBuildFile; fileRef = 8E38993828746F71006AF6F1 /* ViewController.swift */; };
		8E38993C28746F71006AF6F1 /* Main.storyboard in Resources */ = {isa = PBXBuildFile; fileRef = 8E38993A28746F71006AF6F1 /* Main.storyboard */; };
		8E38993E28746F72006AF6F1 /* Assets.xcassets in Resources */ = {isa = PBXBuildFile; fileRef = 8E38993D28746F72006AF6F1 /* Assets.xcassets */; };
		8E38994128746F72006AF6F1 /* LaunchScreen.storyboard in Resources */ = {isa = PBXBuildFile; fileRef = 8E38993F28746F72006AF6F1 /* LaunchScreen.storyboard */; };
		8E38994C28746F72006AF6F1 /* LebonendroitTests.swift in Sources */ = {isa = PBXBuildFile; fileRef = 8E38994B28746F72006AF6F1 /* LebonendroitTests.swift */; };
		8E38995628746F72006AF6F1 /* LebonendroitUITests.swift in Sources */ = {isa = PBXBuildFile; fileRef = 8E38995528746F72006AF6F1 /* LebonendroitUITests.swift */; };
		8E38995828746F72006AF6F1 /* LebonendroitUITestsLaunchTests.swift in Sources */ = {isa = PBXBuildFile; fileRef = 8E38995728746F72006AF6F1 /* LebonendroitUITestsLaunchTests.swift */; };
/* End PBXBuildFile section */

/* Begin PBXContainerItemProxy section */
		8E38994828746F72006AF6F1 /* PBXContainerItemProxy */ = {
			isa = PBXContainerItemProxy;
			containerPortal = 8E38992928746F71006AF6F1 /* Project object */;
			proxyType = 1;
			remoteGlobalIDString = 8E38993028746F71006AF6F1;
			remoteInfo = Lebonendroit;
		};
		8E38995228746F72006AF6F1 /* PBXContainerItemProxy */ = {
			isa = PBXContainerItemProxy;
			containerPortal = 8E38992928746F71006AF6F1 /* Project object */;
			proxyType = 1;
			remoteGlobalIDString = 8E38993028746F71006AF6F1;
			remoteInfo = Lebonendroit;
		};
/* End PBXContainerItemProxy section */

/* Begin PBXFileReference section */
		8E38993128746F71006AF6F1 /* Lebonendroit.app */ = {isa = PBXFileReference; explicitFileType = wrapper.application; includeInIndex = 0; path = Lebonendroit.app; sourceTree = BUILT_PRODUCTS_DIR; };
		8E38993428746F71006AF6F1 /* AppDelegate.swift */ = {isa = PBXFileReference; lastKnownFileType = sourcecode.swift; path = AppDelegate.swift; sourceTree = "<group>"; };
		8E38993628746F71006AF6F1 /* SceneDelegate.swift */ = {isa = PBXFileReference; lastKnownFileType = sourcecode.swift; path = SceneDelegate.swift; sourceTree = "<group>"; };
		8E38993828746F71006AF6F1 /* ViewController.swift */ = {isa = PBXFileReference; lastKnownFileType = sourcecode.swift; path = ViewController.swift; sourceTree = "<group>"; };
		8E38993B28746F71006AF6F1 /* Base */ = {isa = PBXFileReference; lastKnownFileType = file.storyboard; name = Base; path = Base.lproj/Main.storyboard; sourceTree = "<group>"; };
		8E38993D28746F72006AF6F1 /* Assets.xcassets */ = {isa = PBXFileReference; lastKnownFileType = folder.assetcatalog; path = Assets.xcassets; sourceTree = "<group>"; };
		8E38994028746F72006AF6F1 /* Base */ = {isa = PBXFileReference; lastKnownFileType = file.storyboard; name = Base; path = Base.lproj/LaunchScreen.storyboard; sourceTree = "<group>"; };
		8E38994228746F72006AF6F1 /* Info.plist */ = {isa = PBXFileReference; lastKnownFileType = text.plist.xml; path = Info.plist; sourceTree = "<group>"; };
		8E38994728746F72006AF6F1 /* LebonendroitTests.xctest */ = {isa = PBXFileReference; explicitFileType = wrapper.cfbundle; includeInIndex = 0; path = LebonendroitTests.xctest; sourceTree = BUILT_PRODUCTS_DIR; };
		8E38994B28746F72006AF6F1 /* LebonendroitTests.swift */ = {isa = PBXFileReference; lastKnownFileType = sourcecode.swift; path = LebonendroitTests.swift; sourceTree = "<group>"; };
		8E38995128746F72006AF6F1 /* LebonendroitUITests.xctest */ = {isa = PBXFileReference; explicitFileType = wrapper.cfbundle; includeInIndex = 0; path = LebonendroitUITests.xctest; sourceTree = BUILT_PRODUCTS_DIR; };
		8E38995528746F72006AF6F1 /* LebonendroitUITests.swift */ = {isa = PBXFileReference; lastKnownFileType = sourcecode.swift; path = LebonendroitUITests.swift; sourceTree = "<group>"; };
		8E38995728746F72006AF6F1 /* LebonendroitUITestsLaunchTests.swift */ = {isa = PBXFileReference; lastKnownFileType = sourcecode.swift; path = LebonendroitUITestsLaunchTests.swift; sourceTree = "<group>"; };
/* End PBXFileReference section */

/* Begin PBXFrameworksBuildPhase section */
		8E38992E28746F71006AF6F1 /* Frameworks */ = {
			isa = PBXFrameworksBuildPhase;
			buildActionMask = 2147483647;
			files = (
			);
			runOnlyForDeploymentPostprocessing = 0;
		};
		8E38994428746F72006AF6F1 /* Frameworks */ = {
			isa = PBXFrameworksBuildPhase;
			buildActionMask = 2147483647;
			files = (
			);
			runOnlyForDeploymentPostprocessing = 0;
		};
		8E38994E28746F72006AF6F1 /* Frameworks */ = {
			isa = PBXFrameworksBuildPhase;
			buildActionMask = 2147483647;
			files = (
			);
			runOnlyForDeploymentPostprocessing = 0;
		};
/* End PBXFrameworksBuildPhase section */

/* Begin PBXGroup section */
		8E38992828746F71006AF6F1 = {
			isa = PBXGroup;
			children = (
				8E38993328746F71006AF6F1 /* Lebonendroit */,
				8E38994A28746F72006AF6F1 /* LebonendroitTests */,
				8E38995428746F72006AF6F1 /* LebonendroitUITests */,
				8E38993228746F71006AF6F1 /* Products */,
			);
			sourceTree = "<group>";
		};
		8E38993228746F71006AF6F1 /* Products */ = {
			isa = PBXGroup;
			children = (
				8E38993128746F71006AF6F1 /* Lebonendroit.app */,
				8E38994728746F72006AF6F1 /* LebonendroitTests.xctest */,
				8E38995128746F72006AF6F1 /* LebonendroitUITests.xctest */,
			);
			name = Products;
			sourceTree = "<group>";
		};
		8E38993328746F71006AF6F1 /* Lebonendroit */ = {
			isa = PBXGroup;
			children = (
				8E38993428746F71006AF6F1 /* AppDelegate.swift */,
				8E38993628746F71006AF6F1 /* SceneDelegate.swift */,
				8E38993828746F71006AF6F1 /* ViewController.swift */,
				8E38993A28746F71006AF6F1 /* Main.storyboard */,
				8E38993D28746F72006AF6F1 /* Assets.xcassets */,
				8E38993F28746F72006AF6F1 /* LaunchScreen.storyboard */,
				8E38994228746F72006AF6F1 /* Info.plist */,
			);
			path = Lebonendroit;
			sourceTree = "<group>";
		};
		8E38994A28746F72006AF6F1 /* LebonendroitTests */ = {
			isa = PBXGroup;
			children = (
				8E38994B28746F72006AF6F1 /* LebonendroitTests.swift */,
			);
			path = LebonendroitTests;
			sourceTree = "<group>";
		};
		8E38995428746F72006AF6F1 /* LebonendroitUITests */ = {
			isa = PBXGroup;
			children = (
				8E38995528746F72006AF6F1 /* LebonendroitUITests.swift */,
				8E38995728746F72006AF6F1 /* LebonendroitUITestsLaunchTests.swift */,
			);
			path = LebonendroitUITests;
			sourceTree = "<group>";
		};
/* End PBXGroup section */

/* Begin PBXNativeTarget section */
		8E38993028746F71006AF6F1 /* Lebonendroit */ = {
			isa = PBXNativeTarget;
			buildConfigurationList = 8E38995B28746F72006AF6F1 /* Build configuration list for PBXNativeTarget "Lebonendroit" */;
			buildPhases = (
				8E38992D28746F71006AF6F1 /* Sources */,
				8E38992E28746F71006AF6F1 /* Frameworks */,
				8E38992F28746F71006AF6F1 /* Resources */,
			);
			buildRules = (
			);
			dependencies = (
			);
			name = Lebonendroit;
			productName = Lebonendroit;
			productReference = 8E38993128746F71006AF6F1 /* Lebonendroit.app */;
			productType = "com.apple.product-type.application";
		};
		8E38994628746F72006AF6F1 /* LebonendroitTests */ = {
			isa = PBXNativeTarget;
			buildConfigurationList = 8E38995E28746F72006AF6F1 /* Build configuration list for PBXNativeTarget "LebonendroitTests" */;
			buildPhases = (
				8E38994328746F72006AF6F1 /* Sources */,
				8E38994428746F72006AF6F1 /* Frameworks */,
				8E38994528746F72006AF6F1 /* Resources */,
			);
			buildRules = (
			);
			dependencies = (
				8E38994928746F72006AF6F1 /* PBXTargetDependency */,
			);
			name = LebonendroitTests;
			productName = LebonendroitTests;
			productReference = 8E38994728746F72006AF6F1 /* LebonendroitTests.xctest */;
			productType = "com.apple.product-type.bundle.unit-test";
		};
		8E38995028746F72006AF6F1 /* LebonendroitUITests */ = {
			isa = PBXNativeTarget;
			buildConfigurationList = 8E38996128746F72006AF6F1 /* Build configuration list for PBXNativeTarget "LebonendroitUITests" */;
			buildPhases = (
				8E38994D28746F72006AF6F1 /* Sources */,
				8E38994E28746F72006AF6F1 /* Frameworks */,
				8E38994F28746F72006AF6F1 /* Resources */,
			);
			buildRules = (
			);
			dependencies = (
				8E38995328746F72006AF6F1 /* PBXTargetDependency */,
			);
			name = LebonendroitUITests;
			productName = LebonendroitUITests;
			productReference = 8E38995128746F72006AF6F1 /* LebonendroitUITests.xctest */;
			productType = "com.apple.product-type.bundle.ui-testing";
		};
/* End PBXNativeTarget section */

/* Begin PBXProject section */
		8E38992928746F71006AF6F1 /* Project object */ = {
			isa = PBXProject;
			attributes = {
				BuildIndependentTargetsInParallel = 1;
				LastSwiftUpdateCheck = 1340;
				LastUpgradeCheck = 1340;
				TargetAttributes = {
					8E38993028746F71006AF6F1 = {
						CreatedOnToolsVersion = 13.4.1;
					};
					8E38994628746F72006AF6F1 = {
						CreatedOnToolsVersion = 13.4.1;
						TestTargetID = 8E38993028746F71006AF6F1;
					};
					8E38995028746F72006AF6F1 = {
						CreatedOnToolsVersion = 13.4.1;
						TestTargetID = 8E38993028746F71006AF6F1;
					};
				};
			};
			buildConfigurationList = 8E38992C28746F71006AF6F1 /* Build configuration list for PBXProject "Lebonendroit" */;
			compatibilityVersion = "Xcode 13.0";
			developmentRegion = en;
			hasScannedForEncodings = 0;
			knownRegions = (
				en,
				Base,
			);
			mainGroup = 8E38992828746F71006AF6F1;
			productRefGroup = 8E38993228746F71006AF6F1 /* Products */;
			projectDirPath = "";
			projectRoot = "";
			targets = (
				8E38993028746F71006AF6F1 /* Lebonendroit */,
				8E38994628746F72006AF6F1 /* LebonendroitTests */,
				8E38995028746F72006AF6F1 /* LebonendroitUITests */,
			);
		};
/* End PBXProject section */

/* Begin PBXResourcesBuildPhase section */
		8E38992F28746F71006AF6F1 /* Resources */ = {
			isa = PBXResourcesBuildPhase;
			buildActionMask = 2147483647;
			files = (
				8E38994128746F72006AF6F1 /* LaunchScreen.storyboard in Resources */,
				8E38993E28746F72006AF6F1 /* Assets.xcassets in Resources */,
				8E38993C28746F71006AF6F1 /* Main.storyboard in Resources */,
			);
			runOnlyForDeploymentPostprocessing = 0;
		};
		8E38994528746F72006AF6F1 /* Resources */ = {
			isa = PBXResourcesBuildPhase;
			buildActionMask = 2147483647;
			files = (
			);
			runOnlyForDeploymentPostprocessing = 0;
		};
		8E38994F28746F72006AF6F1 /* Resources */ = {
			isa = PBXResourcesBuildPhase;
			buildActionMask = 2147483647;
			files = (
			);
			runOnlyForDeploymentPostprocessing = 0;
		};
/* End PBXResourcesBuildPhase section */

/* Begin PBXSourcesBuildPhase section */
		8E38992D28746F71006AF6F1 /* Sources */ = {
			isa = PBXSourcesBuildPhase;
			buildActionMask = 2147483647;
			files = (
				8E38993928746F71006AF6F1 /* ViewController.swift in Sources */,
				8E38993528746F71006AF6F1 /* AppDelegate.swift in Sources */,
				8E38993728746F71006AF6F1 /* SceneDelegate.swift in Sources */,
			);
			runOnlyForDeploymentPostprocessing = 0;
		};
		8E38994328746F72006AF6F1 /* Sources */ = {
			isa = PBXSourcesBuildPhase;
			buildActionMask = 2147483647;
			files = (
				8E38994C28746F72006AF6F1 /* LebonendroitTests.swift in Sources */,
			);
			runOnlyForDeploymentPostprocessing = 0;
		};
		8E38994D28746F72006AF6F1 /* Sources */ = {
			isa = PBXSourcesBuildPhase;
			buildActionMask = 2147483647;
			files = (
				8E38995628746F72006AF6F1 /* LebonendroitUITests.swift in Sources */,
				8E38995828746F72006AF6F1 /* LebonendroitUITestsLaunchTests.swift in Sources */,
			);
			runOnlyForDeploymentPostprocessing = 0;
		};
/* End PBXSourcesBuildPhase section */

/* Begin PBXTargetDependency section */
		8E38994928746F72006AF6F1 /* PBXTargetDependency */ = {
			isa = PBXTargetDependency;
			target = 8E38993028746F71006AF6F1 /* Lebonendroit */;
			targetProxy = 8E38994828746F72006AF6F1 /* PBXContainerItemProxy */;
		};
		8E38995328746F72006AF6F1 /* PBXTargetDependency */ = {
			isa = PBXTargetDependency;
			target = 8E38993028746F71006AF6F1 /* Lebonendroit */;
			targetProxy = 8E38995228746F72006AF6F1 /* PBXContainerItemProxy */;
		};
/* End PBXTargetDependency section */

/* Begin PBXVariantGroup section */
		8E38993A28746F71006AF6F1 /* Main.storyboard */ = {
			isa = PBXVariantGroup;
			children = (
				8E38993B28746F71006AF6F1 /* Base */,
			);
			name = Main.storyboard;
			sourceTree = "<group>";
		};
		8E38993F28746F72006AF6F1 /* LaunchScreen.storyboard */ = {
			isa = PBXVariantGroup;
			children = (
				8E38994028746F72006AF6F1 /* Base */,
			);
			name = LaunchScreen.storyboard;
			sourceTree = "<group>";
		};
/* End PBXVariantGroup section */

/* Begin XCBuildConfiguration section */
		8E38995928746F72006AF6F1 /* Debug */ = {
			isa = XCBuildConfiguration;
			buildSettings = {
				ALWAYS_SEARCH_USER_PATHS = NO;
				CLANG_ANALYZER_NONNULL = YES;
				CLANG_ANALYZER_NUMBER_OBJECT_CONVERSION = YES_AGGRESSIVE;
				CLANG_CXX_LANGUAGE_STANDARD = "gnu++17";
				CLANG_ENABLE_MODULES = YES;
				CLANG_ENABLE_OBJC_ARC = YES;
				CLANG_ENABLE_OBJC_WEAK = YES;
				CLANG_WARN_BLOCK_CAPTURE_AUTORELEASING = YES;
				CLANG_WARN_BOOL_CONVERSION = YES;
				CLANG_WARN_COMMA = YES;
				CLANG_WARN_CONSTANT_CONVERSION = YES;
				CLANG_WARN_DEPRECATED_OBJC_IMPLEMENTATIONS = YES;
				CLANG_WARN_DIRECT_OBJC_ISA_USAGE = YES_ERROR;
				CLANG_WARN_DOCUMENTATION_COMMENTS = YES;
				CLANG_WARN_EMPTY_BODY = YES;
				CLANG_WARN_ENUM_CONVERSION = YES;
				CLANG_WARN_INFINITE_RECURSION = YES;
				CLANG_WARN_INT_CONVERSION = YES;
				CLANG_WARN_NON_LITERAL_NULL_CONVERSION = YES;
				CLANG_WARN_OBJC_IMPLICIT_RETAIN_SELF = YES;
				CLANG_WARN_OBJC_LITERAL_CONVERSION = YES;
				CLANG_WARN_OBJC_ROOT_CLASS = YES_ERROR;
				CLANG_WARN_QUOTED_INCLUDE_IN_FRAMEWORK_HEADER = YES;
				CLANG_WARN_RANGE_LOOP_ANALYSIS = YES;
				CLANG_WARN_STRICT_PROTOTYPES = YES;
				CLANG_WARN_SUSPICIOUS_MOVE = YES;
				CLANG_WARN_UNGUARDED_AVAILABILITY = YES_AGGRESSIVE;
				CLANG_WARN_UNREACHABLE_CODE = YES;
				CLANG_WARN__DUPLICATE_METHOD_MATCH = YES;
				COPY_PHASE_STRIP = NO;
				DEBUG_INFORMATION_FORMAT = dwarf;
				ENABLE_STRICT_OBJC_MSGSEND = YES;
				ENABLE_TESTABILITY = YES;
				GCC_C_LANGUAGE_STANDARD = gnu11;
				GCC_DYNAMIC_NO_PIC = NO;
				GCC_NO_COMMON_BLOCKS = YES;
				GCC_OPTIMIZATION_LEVEL = 0;
				GCC_PREPROCESSOR_DEFINITIONS = (
					"DEBUG=1",
					"$(inherited)",
				);
				GCC_WARN_64_TO_32_BIT_CONVERSION = YES;
				GCC_WARN_ABOUT_RETURN_TYPE = YES_ERROR;
				GCC_WARN_UNDECLARED_SELECTOR = YES;
				GCC_WARN_UNINITIALIZED_AUTOS = YES_AGGRESSIVE;
				GCC_WARN_UNUSED_FUNCTION = YES;
				GCC_WARN_UNUSED_VARIABLE = YES;
				IPHONEOS_DEPLOYMENT_TARGET = 15.5;
				MTL_ENABLE_DEBUG_INFO = INCLUDE_SOURCE;
				MTL_FAST_MATH = YES;
				ONLY_ACTIVE_ARCH = YES;
				SDKROOT = iphoneos;
				SWIFT_ACTIVE_COMPILATION_CONDITIONS = DEBUG;
				SWIFT_OPTIMIZATION_LEVEL = "-Onone";
			};
			name = Debug;
		};
		8E38995A28746F72006AF6F1 /* Release */ = {
			isa = XCBuildConfiguration;
			buildSettings = {
				ALWAYS_SEARCH_USER_PATHS = NO;
				CLANG_ANALYZER_NONNULL = YES;
				CLANG_ANALYZER_NUMBER_OBJECT_CONVERSION = YES_AGGRESSIVE;
				CLANG_CXX_LANGUAGE_STANDARD = "gnu++17";
				CLANG_ENABLE_MODULES = YES;
				CLANG_ENABLE_OBJC_ARC = YES;
				CLANG_ENABLE_OBJC_WEAK = YES;
				CLANG_WARN_BLOCK_CAPTURE_AUTORELEASING = YES;
				CLANG_WARN_BOOL_CONVERSION = YES;
				CLANG_WARN_COMMA = YES;
				CLANG_WARN_CONSTANT_CONVERSION = YES;
				CLANG_WARN_DEPRECATED_OBJC_IMPLEMENTATIONS = YES;
				CLANG_WARN_DIRECT_OBJC_ISA_USAGE = YES_ERROR;
				CLANG_WARN_DOCUMENTATION_COMMENTS = YES;
				CLANG_WARN_EMPTY_BODY = YES;
				CLANG_WARN_ENUM_CONVERSION = YES;
				CLANG_WARN_INFINITE_RECURSION = YES;
				CLANG_WARN_INT_CONVERSION = YES;
				CLANG_WARN_NON_LITERAL_NULL_CONVERSION = YES;
				CLANG_WARN_OBJC_IMPLICIT_RETAIN_SELF = YES;
				CLANG_WARN_OBJC_LITERAL_CONVERSION = YES;
				CLANG_WARN_OBJC_ROOT_CLASS = YES_ERROR;
				CLANG_WARN_QUOTED_INCLUDE_IN_FRAMEWORK_HEADER = YES;
				CLANG_WARN_RANGE_LOOP_ANALYSIS = YES;
				CLANG_WARN_STRICT_PROTOTYPES = YES;
				CLANG_WARN_SUSPICIOUS_MOVE = YES;
				CLANG_WARN_UNGUARDED_AVAILABILITY = YES_AGGRESSIVE;
				CLANG_WARN_UNREACHABLE_CODE = YES;
				CLANG_WARN__DUPLICATE_METHOD_MATCH = YES;
				COPY_PHASE_STRIP = NO;
				DEBUG_INFORMATION_FORMAT = "dwarf-with-dsym";
				ENABLE_NS_ASSERTIONS = NO;
				ENABLE_STRICT_OBJC_MSGSEND = YES;
				GCC_C_LANGUAGE_STANDARD = gnu11;
				GCC_NO_COMMON_BLOCKS = YES;
				GCC_WARN_64_TO_32_BIT_CONVERSION = YES;
				GCC_WARN_ABOUT_RETURN_TYPE = YES_ERROR;
				GCC_WARN_UNDECLARED_SELECTOR = YES;
				GCC_WARN_UNINITIALIZED_AUTOS = YES_AGGRESSIVE;
				GCC_WARN_UNUSED_FUNCTION = YES;
				GCC_WARN_UNUSED_VARIABLE = YES;
				IPHONEOS_DEPLOYMENT_TARGET = 15.5;
				MTL_ENABLE_DEBUG_INFO = NO;
				MTL_FAST_MATH = YES;
				SDKROOT = iphoneos;
				SWIFT_COMPILATION_MODE = wholemodule;
				SWIFT_OPTIMIZATION_LEVEL = "-O";
				VALIDATE_PRODUCT = YES;
			};
			name = Release;
		};
		8E38995C28746F72006AF6F1 /* Debug */ = {
			isa = XCBuildConfiguration;
			buildSettings = {
				ASSETCATALOG_COMPILER_APPICON_NAME = AppIcon;
				ASSETCATALOG_COMPILER_GLOBAL_ACCENT_COLOR_NAME = AccentColor;
				CODE_SIGN_STYLE = Automatic;
				CURRENT_PROJECT_VERSION = 1;
				DEVELOPMENT_TEAM = B7FN4QJ7PY;
				GENERATE_INFOPLIST_FILE = YES;
				INFOPLIST_FILE = Lebonendroit/Info.plist;
				INFOPLIST_KEY_UIApplicationSupportsIndirectInputEvents = YES;
				INFOPLIST_KEY_UILaunchStoryboardName = LaunchScreen;
				INFOPLIST_KEY_UIMainStoryboardFile = Main;
				INFOPLIST_KEY_UISupportedInterfaceOrientations_iPad = "UIInterfaceOrientationPortrait UIInterfaceOrientationPortraitUpsideDown UIInterfaceOrientationLandscapeLeft UIInterfaceOrientationLandscapeRight";
				INFOPLIST_KEY_UISupportedInterfaceOrientations_iPhone = "UIInterfaceOrientationPortrait UIInterfaceOrientationLandscapeLeft UIInterfaceOrientationLandscapeRight";
				LD_RUNPATH_SEARCH_PATHS = (
					"$(inherited)",
					"@executable_path/Frameworks",
				);
				MARKETING_VERSION = 1.0;
				PRODUCT_BUNDLE_IDENTIFIER = com.arthur.Lebonendroit;
				PRODUCT_NAME = "$(TARGET_NAME)";
				SWIFT_EMIT_LOC_STRINGS = YES;
				SWIFT_VERSION = 5.0;
				TARGETED_DEVICE_FAMILY = "1,2";
			};
			name = Debug;
		};
		8E38995D28746F72006AF6F1 /* Release */ = {
			isa = XCBuildConfiguration;
			buildSettings = {
				ASSETCATALOG_COMPILER_APPICON_NAME = AppIcon;
				ASSETCATALOG_COMPILER_GLOBAL_ACCENT_COLOR_NAME = AccentColor;
				CODE_SIGN_STYLE = Automatic;
				CURRENT_PROJECT_VERSION = 1;
				DEVELOPMENT_TEAM = B7FN4QJ7PY;
				GENERATE_INFOPLIST_FILE = YES;
				INFOPLIST_FILE = Lebonendroit/Info.plist;
				INFOPLIST_KEY_UIApplicationSupportsIndirectInputEvents = YES;
				INFOPLIST_KEY_UILaunchStoryboardName = LaunchScreen;
				INFOPLIST_KEY_UIMainStoryboardFile = Main;
				INFOPLIST_KEY_UISupportedInterfaceOrientations_iPad = "UIInterfaceOrientationPortrait UIInterfaceOrientationPortraitUpsideDown UIInterfaceOrientationLandscapeLeft UIInterfaceOrientationLandscapeRight";
				INFOPLIST_KEY_UISupportedInterfaceOrientations_iPhone = "UIInterfaceOrientationPortrait UIInterfaceOrientationLandscapeLeft UIInterfaceOrientationLandscapeRight";
				LD_RUNPATH_SEARCH_PATHS = (
					"$(inherited)",
					"@executable_path/Frameworks",
				);
				MARKETING_VERSION = 1.0;
				PRODUCT_BUNDLE_IDENTIFIER = com.arthur.Lebonendroit;
				PRODUCT_NAME = "$(TARGET_NAME)";
				SWIFT_EMIT_LOC_STRINGS = YES;
				SWIFT_VERSION = 5.0;
				TARGETED_DEVICE_FAMILY = "1,2";
			};
			name = Release;
		};
		8E38995F28746F72006AF6F1 /* Debug */ = {
			isa = XCBuildConfiguration;
			buildSettings = {
				ALWAYS_EMBED_SWIFT_STANDARD_LIBRARIES = YES;
				BUNDLE_LOADER = "$(TEST_HOST)";
				CODE_SIGN_STYLE = Automatic;
				CURRENT_PROJECT_VERSION = 1;
				DEVELOPMENT_TEAM = B7FN4QJ7PY;
				GENERATE_INFOPLIST_FILE = YES;
				IPHONEOS_DEPLOYMENT_TARGET = 15.5;
				MARKETING_VERSION = 1.0;
				PRODUCT_BUNDLE_IDENTIFIER = com.arthur.LebonendroitTests;
				PRODUCT_NAME = "$(TARGET_NAME)";
				SWIFT_EMIT_LOC_STRINGS = NO;
				SWIFT_VERSION = 5.0;
				TARGETED_DEVICE_FAMILY = "1,2";
				TEST_HOST = "$(BUILT_PRODUCTS_DIR)/Lebonendroit.app/Lebonendroit";
			};
			name = Debug;
		};
		8E38996028746F72006AF6F1 /* Release */ = {
			isa = XCBuildConfiguration;
			buildSettings = {
				ALWAYS_EMBED_SWIFT_STANDARD_LIBRARIES = YES;
				BUNDLE_LOADER = "$(TEST_HOST)";
				CODE_SIGN_STYLE = Automatic;
				CURRENT_PROJECT_VERSION = 1;
				DEVELOPMENT_TEAM = B7FN4QJ7PY;
				GENERATE_INFOPLIST_FILE = YES;
				IPHONEOS_DEPLOYMENT_TARGET = 15.5;
				MARKETING_VERSION = 1.0;
				PRODUCT_BUNDLE_IDENTIFIER = com.arthur.LebonendroitTests;
				PRODUCT_NAME = "$(TARGET_NAME)";
				SWIFT_EMIT_LOC_STRINGS = NO;
				SWIFT_VERSION = 5.0;
				TARGETED_DEVICE_FAMILY = "1,2";
				TEST_HOST = "$(BUILT_PRODUCTS_DIR)/Lebonendroit.app/Lebonendroit";
			};
			name = Release;
		};
		8E38996228746F72006AF6F1 /* Debug */ = {
			isa = XCBuildConfiguration;
			buildSettings = {
				ALWAYS_EMBED_SWIFT_STANDARD_LIBRARIES = YES;
				CODE_SIGN_STYLE = Automatic;
				CURRENT_PROJECT_VERSION = 1;
				DEVELOPMENT_TEAM = B7FN4QJ7PY;
				GENERATE_INFOPLIST_FILE = YES;
				MARKETING_VERSION = 1.0;
				PRODUCT_BUNDLE_IDENTIFIER = com.arthur.LebonendroitUITests;
				PRODUCT_NAME = "$(TARGET_NAME)";
				SWIFT_EMIT_LOC_STRINGS = NO;
				SWIFT_VERSION = 5.0;
				TARGETED_DEVICE_FAMILY = "1,2";
				TEST_TARGET_NAME = Lebonendroit;
			};
			name = Debug;
		};
		8E38996328746F72006AF6F1 /* Release */ = {
			isa = XCBuildConfiguration;
			buildSettings = {
				ALWAYS_EMBED_SWIFT_STANDARD_LIBRARIES = YES;
				CODE_SIGN_STYLE = Automatic;
				CURRENT_PROJECT_VERSION = 1;
				DEVELOPMENT_TEAM = B7FN4QJ7PY;
				GENERATE_INFOPLIST_FILE = YES;
				MARKETING_VERSION = 1.0;
				PRODUCT_BUNDLE_IDENTIFIER = com.arthur.LebonendroitUITests;
				PRODUCT_NAME = "$(TARGET_NAME)";
				SWIFT_EMIT_LOC_STRINGS = NO;
				SWIFT_VERSION = 5.0;
				TARGETED_DEVICE_FAMILY = "1,2";
				TEST_TARGET_NAME = Lebonendroit;
			};
			name = Release;
		};
/* End XCBuildConfiguration section */

/* Begin XCConfigurationList section */
		8E38992C28746F71006AF6F1 /* Build configuration list for PBXProject "Lebonendroit" */ = {
			isa = XCConfigurationList;
			buildConfigurations = (
				8E38995928746F72006AF6F1 /* Debug */,
				8E38995A28746F72006AF6F1 /* Release */,
			);
			defaultConfigurationIsVisible = 0;
			defaultConfigurationName = Release;
		};
		8E38995B28746F72006AF6F1 /* Build configuration list for PBXNativeTarget "Lebonendroit" */ = {
			isa = XCConfigurationList;
			buildConfigurations = (
				8E38995C28746F72006AF6F1 /* Debug */,
				8E38995D28746F72006AF6F1 /* Release */,
			);
			defaultConfigurationIsVisible = 0;
			defaultConfigurationName = Release;
		};
		8E38995E28746F72006AF6F1 /* Build configuration list for PBXNativeTarget "LebonendroitTests" */ = {
			isa = XCConfigurationList;
			buildConfigurations = (
				8E38995F28746F72006AF6F1 /* Debug */,
				8E38996028746F72006AF6F1 /* Release */,
			);
			defaultConfigurationIsVisible = 0;
			defaultConfigurationName = Release;
		};
		8E38996128746F72006AF6F1 /* Build configuration list for PBXNativeTarget "LebonendroitUITests" */ = {
			isa = XCConfigurationList;
			buildConfigurations = (
				8E38996228746F72006AF6F1 /* Debug */,
				8E38996328746F72006AF6F1 /* Release */,
			);
			defaultConfigurationIsVisible = 0;
			defaultConfigurationName = Release;
		};
/* End XCConfigurationList section */
	};
	rootObject = 8E38992928746F71006AF6F1 /* Project object */;
}
